
Microsoft Visual Studio Solution File, Format Version 12.00
# Visual Studio Version 16
VisualStudioVersion = 16.0.28922.388
MinimumVisualStudioVersion = 10.0.40219.1
Project("{FAE04EC0-301F-11D3-BF4B-00C04F79EFBC}") = "sever", "sever\sever.csproj", "{3A69B664-5639-4827-916A-598F49FB0D70}"
EndProject
Project("{FAE04EC0-301F-11D3-BF4B-00C04F79EFBC}") = "client", "client\client.csproj", "{A53BB61B-ABB4-4E7D-9DFB-9EC5C6B11440}"
EndProject
Global
	GlobalSection(SolutionConfigurationPlatforms) = preSolution
		Debug|Any CPU = Debug|Any CPU
		Release|Any CPU = Release|Any CPU
	EndGlobalSection
	GlobalSection(ProjectConfigurationPlatforms) = postSolution
		{3A69B664-5639-4827-916A-598F49FB0D70}.Debug|Any CPU.ActiveCfg = Debug|Any CPU
		{3A69B664-5639-4827-916A-598F49FB0D70}.Debug|Any CPU.Build.0 = Debug|Any CPU
		{3A69B664-5639-4827-916A-598F49FB0D70}.Release|Any CPU.ActiveCfg = Release|Any CPU
		{3A69B664-5639-4827-916A-598F49FB0D70}.Release|Any CPU.Build.0 = Release|Any CPU
		{A53BB61B-ABB4-4E7D-9DFB-9EC5C6B11440}.Debug|Any CPU.ActiveCfg = Debug|Any CPU
		{A53BB61B-ABB4-4E7D-9DFB-9EC5C6B11440}.Debug|Any CPU.Build.0 = Debug|Any CPU
		{A53BB61B-ABB4-4E7D-9DFB-9EC5C6B11440}.Release|Any CPU.ActiveCfg = Release|Any CPU
		{A53BB61B-ABB4-4E7D-9DFB-9EC5C6B11440}.Release|Any CPU.Build.0 = Release|Any CPU
	EndGlobalSection
	GlobalSection(SolutionProperties) = preSolution
		HideSolutionNode = FALSE
	EndGlobalSection
	GlobalSection(ExtensibilityGlobals) = postSolution
		SolutionGuid = {4A97B704-1875-4ACB-AA61-8B0EF7647F69}
	EndGlobalSection
EndGlobal
